{
	"name": "OL",
	"lockfileVersion": 3,
	"requires": true,
	"packages": {
		"": {
			"dependencies": {
				"flv.js": "^1.6.2",
				"pnpm": "^10.26.0"
			}
		},
		"node_modules/es6-promise": {
			"version": "4.2.8",
			"resolved": "https://registry.npmmirror.com/es6-promise/-/es6-promise-4.2.8.tgz",
			"integrity": "sha512-HJDGx5daxeIvxdBxvG2cb9g4tEvwIk3i8+nhX0yGrYmZUzbkdg8QbDevheDB8gd0//uPj4c1EQua8Q+MViT0/w==",
			"license": "MIT"
		},
		"node_modules/flv.js": {
			"version": "1.6.2",
			"resolved": "https://registry.npmmirror.com/flv.js/-/flv.js-1.6.2.tgz",
			"integrity": "sha512-xre4gUbX1MPtgQRKj2pxJENp/RnaHaxYvy3YToVVCrSmAWUu85b9mug6pTXF6zakUjNP2lFWZ1rkSX7gxhB/2A==",
			"license": "Apache-2.0",
			"dependencies": {
				"es6-promise": "^4.2.8",
				"webworkify-webpack": "^2.1.5"
			}
		},
		"node_modules/pnpm": {
			"version": "10.26.0",
			"resolved": "https://registry.npmmirror.com/pnpm/-/pnpm-10.26.0.tgz",
			"integrity": "sha512-Oz9scl6+cSUGwKsa1BM8+GsfS2h+/85iqbOLTXLjlUJC5kMZD8UfoWQpScc19APevUT1yw7dZXq+Y6i2p+HkAg==",
			"license": "MIT",
			"bin": {
				"pnpm": "bin/pnpm.cjs",
				"pnpx": "bin/pnpx.cjs"
			},
			"engines": {
				"node": ">=18.12"
			},
			"funding": {
				"url": "https://opencollective.com/pnpm"
			}
		},
		"node_modules/webworkify-webpack": {
			"version": "2.1.5",
			"resolved": "https://registry.npmmirror.com/webworkify-webpack/-/webworkify-webpack-2.1.5.tgz",
			"integrity": "sha512-2akF8FIyUvbiBBdD+RoHpoTbHMQF2HwjcxfDvgztAX5YwbZNyrtfUMgvfgFVsgDhDPVTlkbb5vyasqDHfIDPQw==",
			"license": "MIT"
		}
	}
}
