lockfileVersion: '9.0'

settings:
  autoInstallPeers: true
  excludeLinksFromLockfile: false

importers:

  .:
    dependencies:
      flv.js:
        specifier: ^1.6.2
        version: 1.6.2

packages:

  es6-promise@4.2.8:
    resolution: {integrity: sha512-HJDGx5daxeIvxdBxvG2cb9g4tEvwIk3i8+nhX0yGrYmZUzbkdg8QbDevheDB8gd0//uPj4c1EQua8Q+MViT0/w==}

  flv.js@1.6.2:
    resolution: {integrity: sha512-xre4gUbX1MPtgQRKj2pxJENp/RnaHaxYvy3YToVVCrSmAWUu85b9mug6pTXF6zakUjNP2lFWZ1rkSX7gxhB/2A==}

  webworkify-webpack@2.1.5:
    resolution: {integrity: sha512-2akF8FIyUvbiBBdD+RoHpoTbHMQF2HwjcxfDvgztAX5YwbZNyrtfUMgvfgFVsgDhDPVTlkbb5vyasqDHfIDPQw==}

snapshots:

  es6-promise@4.2.8: {}

  flv.js@1.6.2:
    dependencies:
      es6-promise: 4.2.8
      webworkify-webpack: 2.1.5

  webworkify-webpack@2.1.5: {}
